// !$*UTF8*$!
{
	archiveVersion = 1;
	classes = {
	};
	objectVersion = 56;
	objects = {

/* Begin PBXBuildFile section */
		B05EF1162BFB87A600838B10 /* YoutubeSearchData.swift in Sources */ = {isa = PBXBuildFile; fileRef = B05EF1152BFB87A600838B10 /* YoutubeSearchData.swift */; };
		B05EF1182BFB8B2F00838B10 /* YoutubeSearchManager.swift in Sources */ = {isa = PBXBuildFile; fileRef = B05EF1172BFB8B2F00838B10 /* YoutubeSearchManager.swift */; };
		B0955EC02BFA567C0025266D /* AppDelegate.swift in Sources */ = {isa = PBXBuildFile; fileRef = B0955EBF2BFA567C0025266D /* AppDelegate.swift */; };
		B0955EC22BFA567C0025266D /* SceneDelegate.swift in Sources */ = {isa = PBXBuildFile; fileRef = B0955EC12BFA567C0025266D /* SceneDelegate.swift */; };
		B0955EC42BFA567C0025266D /* ViewController.swift in Sources */ = {isa = PBXBuildFile; fileRef = B0955EC32BFA567C0025266D /* ViewController.swift */; };
		B0955EC72BFA567C0025266D /* Base in Resources */ = {isa = PBXBuildFile; fileRef = B0955EC62BFA567C0025266D /* Base */; };
		B0955EC92BFA567D0025266D /* Assets.xcassets in Resources */ = {isa = PBXBuildFile; fileRef = B0955EC82BFA567D0025266D /* Assets.xcassets */; };
		B0955ECC2BFA567D0025266D /* Base in Resources */ = {isa = PBXBuildFile; fileRef = B0955ECB2BFA567D0025266D /* Base */; };
		B0955ED42BFA5C320025266D /* youtube.png in Resources */ = {isa = PBXBuildFile; fileRef = B0955ED32BFA5C320025266D /* youtube.png */; };
/* End PBXBuildFile section */

/* Begin PBXFileReference section */
		B05EF1152BFB87A600838B10 /* YoutubeSearchData.swift */ = {isa = PBXFileReference; lastKnownFileType = sourcecode.swift; path = YoutubeSearchData.swift; sourceTree = "<group>"; };
		B05EF1172BFB8B2F00838B10 /* YoutubeSearchManager.swift */ = {isa = PBXFileReference; lastKnownFileType = sourcecode.swift; path = YoutubeSearchManager.swift; sourceTree = "<group>"; };
		B0955EBC2BFA567C0025266D /* YoutubeSearch.app */ = {isa = PBXFileReference; explicitFileType = wrapper.application; includeInIndex = 0; path = YoutubeSearch.app; sourceTree = BUILT_PRODUCTS_DIR; };
		B0955EBF2BFA567C0025266D /* AppDelegate.swift */ = {isa = PBXFileReference; lastKnownFileType = sourcecode.swift; path = AppDelegate.swift; sourceTree = "<group>"; };
		B0955EC12BFA567C0025266D /* SceneDelegate.swift */ = {isa = PBXFileReference; lastKnownFileType = sourcecode.swift; path = SceneDelegate.swift; sourceTree = "<group>"; };
		B0955EC32BFA567C0025266D /* ViewController.swift */ = {isa = PBXFileReference; lastKnownFileType = sourcecode.swift; path = ViewController.swift; sourceTree = "<group>"; };
		B0955EC62BFA567C0025266D /* Base */ = {isa = PBXFileReference; lastKnownFileType = file.storyboard; name = Base; path = Base.lproj/Main.storyboard; sourceTree = "<group>"; };
		B0955EC82BFA567D0025266D /* Assets.xcassets */ = {isa = PBXFileReference; lastKnownFileType = folder.assetcatalog; path = Assets.xcassets; sourceTree = "<group>"; };
		B0955ECB2BFA567D0025266D /* Base */ = {isa = PBXFileReference; lastKnownFileType = file.storyboard; name = Base; path = Base.lproj/LaunchScreen.storyboard; sourceTree = "<group>"; };
		B0955ECD2BFA567D0025266D /* Info.plist */ = {isa = PBXFileReference; lastKnownFileType = text.plist.xml; path = Info.plist; sourceTree = "<group>"; };
		B0955ED32BFA5C320025266D /* youtube.png */ = {isa = PBXFileReference; lastKnownFileType = image.png; path = youtube.png; sourceTree = "<group>"; };
/* End PBXFileReference section */

/* Begin PBXFrameworksBuildPhase section */
		B0955EB92BFA567C0025266D /* Frameworks */ = {
			isa = PBXFrameworksBuildPhase;
			buildActionMask = 2147483647;
			files = (
			);
			runOnlyForDeploymentPostprocessing = 0;
		};
/* End PBXFrameworksBuildPhase section */

/* Begin PBXGroup section */
		B0955EB32BFA567C0025266D = {
			isa = PBXGroup;
			children = (
				B0955EBE2BFA567C0025266D /* YoutubeSearch */,
				B0955EBD2BFA567C0025266D /* Products */,
			);
			sourceTree = "<group>";
		};
		B0955EBD2BFA567C0025266D /* Products */ = {
			isa = PBXGroup;
			children = (
				B0955EBC2BFA567C0025266D /* YoutubeSearch.app */,
			);
			name = Products;
			sourceTree = "<group>";
		};
		B0955EBE2BFA567C0025266D /* YoutubeSearch */ = {
			isa = PBXGroup;
			children = (
				B0955EBF2BFA567C0025266D /* AppDelegate.swift */,
				B0955EC12BFA567C0025266D /* SceneDelegate.swift */,
				B0955EC32BFA567C0025266D /* ViewController.swift */,
				B0955EC52BFA567C0025266D /* Main.storyboard */,
				B0955EC82BFA567D0025266D /* Assets.xcassets */,
				B0955ECA2BFA567D0025266D /* LaunchScreen.storyboard */,
				B0955ECD2BFA567D0025266D /* Info.plist */,
				B0955ED32BFA5C320025266D /* youtube.png */,
				B05EF1152BFB87A600838B10 /* YoutubeSearchData.swift */,
				B05EF1172BFB8B2F00838B10 /* YoutubeSearchManager.swift */,
			);
			path = YoutubeSearch;
			sourceTree = "<group>";
		};
/* End PBXGroup section */

/* Begin PBXNativeTarget section */
		B0955EBB2BFA567C0025266D /* YoutubeSearch */ = {
			isa = PBXNativeTarget;
			buildConfigurationList = B0955ED02BFA567D0025266D /* Build configuration list for PBXNativeTarget "YoutubeSearch" */;
			buildPhases = (
				B0955EB82BFA567C0025266D /* Sources */,
				B0955EB92BFA567C0025266D /* Frameworks */,
				B0955EBA2BFA567C0025266D /* Resources */,
			);
			buildRules = (
			);
			dependencies = (
			);
			name = YoutubeSearch;
			productName = YoutubeSearch;
			productReference = B0955EBC2BFA567C0025266D /* YoutubeSearch.app */;
			productType = "com.apple.product-type.application";
		};
/* End PBXNativeTarget section */

/* Begin PBXProject section */
		B0955EB42BFA567C0025266D /* Project object */ = {
			isa = PBXProject;
			attributes = {
				BuildIndependentTargetsInParallel = 1;
				LastSwiftUpdateCheck = 1530;
				LastUpgradeCheck = 1530;
				TargetAttributes = {
					B0955EBB2BFA567C0025266D = {
						CreatedOnToolsVersion = 15.3;
					};
				};
			};
			buildConfigurationList = B0955EB72BFA567C0025266D /* Build configuration list for PBXProject "YoutubeSearch" */;
			compatibilityVersion = "Xcode 14.0";
			developmentRegion = en;
			hasScannedForEncodings = 0;
			knownRegions = (
				en,
				Base,
			);
			mainGroup = B0955EB32BFA567C0025266D;
			productRefGroup = B0955EBD2BFA567C0025266D /* Products */;
			projectDirPath = "";
			projectRoot = "";
			targets = (
				B0955EBB2BFA567C0025266D /* YoutubeSearch */,
			);
		};
/* End PBXProject section */

/* Begin PBXResourcesBuildPhase section */
		B0955EBA2BFA567C0025266D /* Resources */ = {
			isa = PBXResourcesBuildPhase;
			buildActionMask = 2147483647;
			files = (
				B0955EC92BFA567D0025266D /* Assets.xcassets in Resources */,
				B0955ECC2BFA567D0025266D /* Base in Resources */,
				B0955EC72BFA567C0025266D /* Base in Resources */,
				B0955ED42BFA5C320025266D /* youtube.png in Resources */,
			);
			runOnlyForDeploymentPostprocessing = 0;
		};
/* End PBXResourcesBuildPhase section */

/* Begin PBXSourcesBuildPhase section */
		B0955EB82BFA567C0025266D /* Sources */ = {
			isa = PBXSourcesBuildPhase;
			buildActionMask = 2147483647;
			files = (
				B0955EC42BFA567C0025266D /* ViewController.swift in Sources */,
				B0955EC02BFA567C0025266D /* AppDelegate.swift in Sources */,
				B0955EC22BFA567C0025266D /* SceneDelegate.swift in Sources */,
				B05EF1162BFB87A600838B10 /* YoutubeSearchData.swift in Sources */,
				B05EF1182BFB8B2F00838B10 /* YoutubeSearchManager.swift in Sources */,
			);
			runOnlyForDeploymentPostprocessing = 0;
		};
/* End PBXSourcesBuildPhase section */

/* Begin PBXVariantGroup section */
		B0955EC52BFA567C0025266D /* Main.storyboard */ = {
			isa = PBXVariantGroup;
			children = (
				B0955EC62BFA567C0025266D /* Base */,
			);
			name = Main.storyboard;
			sourceTree = "<group>";
		};
		B0955ECA2BFA567D0025266D /* LaunchScreen.storyboard */ = {
			isa = PBXVariantGroup;
			children = (
				B0955ECB2BFA567D0025266D /* Base */,
			);
			name = LaunchScreen.storyboard;
			sourceTree = "<group>";
		};
/* End PBXVariantGroup section */

/* Begin XCBuildConfiguration section */
		B0955ECE2BFA567D0025266D /* Debug */ = {
			isa = XCBuildConfiguration;
			buildSettings = {
				ALWAYS_SEARCH_USER_PATHS = NO;
				ASSETCATALOG_COMPILER_GENERATE_SWIFT_ASSET_SYMBOL_EXTENSIONS = YES;
				CLANG_ANALYZER_NONNULL = YES;
				CLANG_ANALYZER_NUMBER_OBJECT_CONVERSION = YES_AGGRESSIVE;
				CLANG_CXX_LANGUAGE_STANDARD = "gnu++20";
				CLANG_ENABLE_MODULES = YES;
				CLANG_ENABLE_OBJC_ARC = YES;
				CLANG_ENABLE_OBJC_WEAK = YES;
				CLANG_WARN_BLOCK_CAPTURE_AUTORELEASING = YES;
				CLANG_WARN_BOOL_CONVERSION = YES;
				CLANG_WARN_COMMA = YES;
				CLANG_WARN_CONSTANT_CONVERSION = YES;
				CLANG_WARN_DEPRECATED_OBJC_IMPLEMENTATIONS = YES;
				CLANG_WARN_DIRECT_OBJC_ISA_USAGE = YES_ERROR;
				CLANG_WARN_DOCUMENTATION_COMMENTS = YES;
				CLANG_WARN_EMPTY_BODY = YES;
				CLANG_WARN_ENUM_CONVERSION = YES;
				CLANG_WARN_INFINITE_RECURSION = YES;
				CLANG_WARN_INT_CONVERSION = YES;
				CLANG_WARN_NON_LITERAL_NULL_CONVERSION = YES;
				CLANG_WARN_OBJC_IMPLICIT_RETAIN_SELF = YES;
				CLANG_WARN_OBJC_LITERAL_CONVERSION = YES;
				CLANG_WARN_OBJC_ROOT_CLASS = YES_ERROR;
				CLANG_WARN_QUOTED_INCLUDE_IN_FRAMEWORK_HEADER = YES;
				CLANG_WARN_RANGE_LOOP_ANALYSIS = YES;
				CLANG_WARN_STRICT_PROTOTYPES = YES;
				CLANG_WARN_SUSPICIOUS_MOVE = YES;
				CLANG_WARN_UNGUARDED_AVAILABILITY = YES_AGGRESSIVE;
				CLANG_WARN_UNREACHABLE_CODE = YES;
				CLANG_WARN__DUPLICATE_METHOD_MATCH = YES;
				COPY_PHASE_STRIP = NO;
				DEBUG_INFORMATION_FORMAT = dwarf;
				ENABLE_STRICT_OBJC_MSGSEND = YES;
				ENABLE_TESTABILITY = YES;
				ENABLE_USER_SCRIPT_SANDBOXING = YES;
				GCC_C_LANGUAGE_STANDARD = gnu17;
				GCC_DYNAMIC_NO_PIC = NO;
				GCC_NO_COMMON_BLOCKS = YES;
				GCC_OPTIMIZATION_LEVEL = 0;
				GCC_PREPROCESSOR_DEFINITIONS = (
					"DEBUG=1",
					"$(inherited)",
				);
				GCC_WARN_64_TO_32_BIT_CONVERSION = YES;
				GCC_WARN_ABOUT_RETURN_TYPE = YES_ERROR;
				GCC_WARN_UNDECLARED_SELECTOR = YES;
				GCC_WARN_UNINITIALIZED_AUTOS = YES_AGGRESSIVE;
				GCC_WARN_UNUSED_FUNCTION = YES;
				GCC_WARN_UNUSED_VARIABLE = YES;
				IPHONEOS_DEPLOYMENT_TARGET = 17.4;
				LOCALIZATION_PREFERS_STRING_CATALOGS = YES;
				MTL_ENABLE_DEBUG_INFO = INCLUDE_SOURCE;
				MTL_FAST_MATH = YES;
				ONLY_ACTIVE_ARCH = YES;
				SDKROOT = iphoneos;
				SWIFT_ACTIVE_COMPILATION_CONDITIONS = "DEBUG $(inherited)";
				SWIFT_OPTIMIZATION_LEVEL = "-Onone";
			};
			name = Debug;
		};
		B0955ECF2BFA567D0025266D /* Release */ = {
			isa = XCBuildConfiguration;
			buildSettings = {
				ALWAYS_SEARCH_USER_PATHS = NO;
				ASSETCATALOG_COMPILER_GENERATE_SWIFT_ASSET_SYMBOL_EXTENSIONS = YES;
				CLANG_ANALYZER_NONNULL = YES;
				CLANG_ANALYZER_NUMBER_OBJECT_CONVERSION = YES_AGGRESSIVE;
				CLANG_CXX_LANGUAGE_STANDARD = "gnu++20";
				CLANG_ENABLE_MODULES = YES;
				CLANG_ENABLE_OBJC_ARC = YES;
				CLANG_ENABLE_OBJC_WEAK = YES;
				CLANG_WARN_BLOCK_CAPTURE_AUTORELEASING = YES;
				CLANG_WARN_BOOL_CONVERSION = YES;
				CLANG_WARN_COMMA = YES;
				CLANG_WARN_CONSTANT_CONVERSION = YES;
				CLANG_WARN_DEPRECATED_OBJC_IMPLEMENTATIONS = YES;
				CLANG_WARN_DIRECT_OBJC_ISA_USAGE = YES_ERROR;
				CLANG_WARN_DOCUMENTATION_COMMENTS = YES;
				CLANG_WARN_EMPTY_BODY = YES;
				CLANG_WARN_ENUM_CONVERSION = YES;
				CLANG_WARN_INFINITE_RECURSION = YES;
				CLANG_WARN_INT_CONVERSION = YES;
				CLANG_WARN_NON_LITERAL_NULL_CONVERSION = YES;
				CLANG_WARN_OBJC_IMPLICIT_RETAIN_SELF = YES;
				CLANG_WARN_OBJC_LITERAL_CONVERSION = YES;
				CLANG_WARN_OBJC_ROOT_CLASS = YES_ERROR;
				CLANG_WARN_QUOTED_INCLUDE_IN_FRAMEWORK_HEADER = YES;
				CLANG_WARN_RANGE_LOOP_ANALYSIS = YES;
				CLANG_WARN_STRICT_PROTOTYPES = YES;
				CLANG_WARN_SUSPICIOUS_MOVE = YES;
				CLANG_WARN_UNGUARDED_AVAILABILITY = YES_AGGRESSIVE;
				CLANG_WARN_UNREACHABLE_CODE = YES;
				CLANG_WARN__DUPLICATE_METHOD_MATCH = YES;
				COPY_PHASE_STRIP = NO;
				DEBUG_INFORMATION_FORMAT = "dwarf-with-dsym";
				ENABLE_NS_ASSERTIONS = NO;
				ENABLE_STRICT_OBJC_MSGSEND = YES;
				ENABLE_USER_SCRIPT_SANDBOXING = YES;
				GCC_C_LANGUAGE_STANDARD = gnu17;
				GCC_NO_COMMON_BLOCKS = YES;
				GCC_WARN_64_TO_32_BIT_CONVERSION = YES;
				GCC_WARN_ABOUT_RETURN_TYPE = YES_ERROR;
				GCC_WARN_UNDECLARED_SELECTOR = YES;
				GCC_WARN_UNINITIALIZED_AUTOS = YES_AGGRESSIVE;
				GCC_WARN_UNUSED_FUNCTION = YES;
				GCC_WARN_UNUSED_VARIABLE = YES;
				IPHONEOS_DEPLOYMENT_TARGET = 17.4;
				LOCALIZATION_PREFERS_STRING_CATALOGS = YES;
				MTL_ENABLE_DEBUG_INFO = NO;
				MTL_FAST_MATH = YES;
				SDKROOT = iphoneos;
				SWIFT_COMPILATION_MODE = wholemodule;
				VALIDATE_PRODUCT = YES;
			};
			name = Release;
		};
		B0955ED12BFA567D0025266D /* Debug */ = {
			isa = XCBuildConfiguration;
			buildSettings = {
				ASSETCATALOG_COMPILER_APPICON_NAME = AppIcon;
				ASSETCATALOG_COMPILER_GLOBAL_ACCENT_COLOR_NAME = AccentColor;
				CODE_SIGN_STYLE = Automatic;
				CURRENT_PROJECT_VERSION = 1;
				DEVELOPMENT_TEAM = 57X9MWG2TR;
				GENERATE_INFOPLIST_FILE = YES;
				INFOPLIST_FILE = YoutubeSearch/Info.plist;
				INFOPLIST_KEY_UIApplicationSupportsIndirectInputEvents = YES;
				INFOPLIST_KEY_UILaunchStoryboardName = LaunchScreen;
				INFOPLIST_KEY_UIMainStoryboardFile = Main;
				INFOPLIST_KEY_UISupportedInterfaceOrientations_iPad = "UIInterfaceOrientationPortrait UIInterfaceOrientationPortraitUpsideDown UIInterfaceOrientationLandscapeLeft UIInterfaceOrientationLandscapeRight";
				INFOPLIST_KEY_UISupportedInterfaceOrientations_iPhone = "UIInterfaceOrientationPortrait UIInterfaceOrientationLandscapeLeft UIInterfaceOrientationLandscapeRight";
				LD_RUNPATH_SEARCH_PATHS = (
					"$(inherited)",
					"@executable_path/Frameworks",
				);
				MARKETING_VERSION = 1.0;
				PRODUCT_BUNDLE_IDENTIFIER = com.ozgekurnaz.YoutubeSearch;
				PRODUCT_NAME = "$(TARGET_NAME)";
				SWIFT_EMIT_LOC_STRINGS = YES;
				SWIFT_VERSION = 5.0;
				TARGETED_DEVICE_FAMILY = "1,2";
			};
			name = Debug;
		};
		B0955ED22BFA567D0025266D /* Release */ = {
			isa = XCBuildConfiguration;
			buildSettings = {
				ASSETCATALOG_COMPILER_APPICON_NAME = AppIcon;
				ASSETCATALOG_COMPILER_GLOBAL_ACCENT_COLOR_NAME = AccentColor;
				CODE_SIGN_STYLE = Automatic;
				CURRENT_PROJECT_VERSION = 1;
				DEVELOPMENT_TEAM = 57X9MWG2TR;
				GENERATE_INFOPLIST_FILE = YES;
				INFOPLIST_FILE = YoutubeSearch/Info.plist;
				INFOPLIST_KEY_UIApplicationSupportsIndirectInputEvents = YES;
				INFOPLIST_KEY_UILaunchStoryboardName = LaunchScreen;
				INFOPLIST_KEY_UIMainStoryboardFile = Main;
				INFOPLIST_KEY_UISupportedInterfaceOrientations_iPad = "UIInterfaceOrientationPortrait UIInterfaceOrientationPortraitUpsideDown UIInterfaceOrientationLandscapeLeft UIInterfaceOrientationLandscapeRight";
				INFOPLIST_KEY_UISupportedInterfaceOrientations_iPhone = "UIInterfaceOrientationPortrait UIInterfaceOrientationLandscapeLeft UIInterfaceOrientationLandscapeRight";
				LD_RUNPATH_SEARCH_PATHS = (
					"$(inherited)",
					"@executable_path/Frameworks",
				);
				MARKETING_VERSION = 1.0;
				PRODUCT_BUNDLE_IDENTIFIER = com.ozgekurnaz.YoutubeSearch;
				PRODUCT_NAME = "$(TARGET_NAME)";
				SWIFT_EMIT_LOC_STRINGS = YES;
				SWIFT_VERSION = 5.0;
				TARGETED_DEVICE_FAMILY = "1,2";
			};
			name = Release;
		};
/* End XCBuildConfiguration section */

/* Begin XCConfigurationList section */
		B0955EB72BFA567C0025266D /* Build configuration list for PBXProject "YoutubeSearch" */ = {
			isa = XCConfigurationList;
			buildConfigurations = (
				B0955ECE2BFA567D0025266D /* Debug */,
				B0955ECF2BFA567D0025266D /* Release */,
			);
			defaultConfigurationIsVisible = 0;
			defaultConfigurationName = Release;
		};
		B0955ED02BFA567D0025266D /* Build configuration list for PBXNativeTarget "YoutubeSearch" */ = {
			isa = XCConfigurationList;
			buildConfigurations = (
				B0955ED12BFA567D0025266D /* Debug */,
				B0955ED22BFA567D0025266D /* Release */,
			);
			defaultConfigurationIsVisible = 0;
			defaultConfigurationName = Release;
		};
/* End XCConfigurationList section */
	};
	rootObject = B0955EB42BFA567C0025266D /* Project object */;
}
